// !$*UTF8*$!
{
	archiveVersion = 1;
	classes = {
	};
	objectVersion = 46;
	objects = {

/* Begin PBXBuildFile section */
		506A88BE1CD14C6000B9CAAD /* main.c in Sources */ = {isa = PBXBuildFile; fileRef = 506A88BD1CD14C6000B9CAAD /* main.c */; };
		506A88C61CD1503300B9CAAD /* main.cpp in Sources */ = {isa = PBXBuildFile; fileRef = 506A88C51CD1503300B9CAAD /* main.cpp */; };
		506A88CB1CD166B600B9CAAD /* test_file.txt in CopyFiles */ = {isa = PBXBuildFile; fileRef = 506A88CA1CD1667200B9CAAD /* test_file.txt */; };
/* End PBXBuildFile section */

/* Begin PBXCopyFilesBuildPhase section */
		506A88A81CD1437400B9CAAD /* CopyFiles */ = {
			isa = PBXCopyFilesBuildPhase;
			buildActionMask = 12;
			dstPath = "";
			dstSubfolderSpec = 16;
			files = (
				506A88CB1CD166B600B9CAAD /* test_file.txt in CopyFiles */,
			);
			runOnlyForDeploymentPostprocessing = 0;
		};
		506A88C11CD1503300B9CAAD /* CopyFiles */ = {
			isa = PBXCopyFilesBuildPhase;
			buildActionMask = 2147483647;
			dstPath = /usr/share/man/man1/;
			dstSubfolderSpec = 0;
			files = (
			);
			runOnlyForDeploymentPostprocessing = 1;
		};
/* End PBXCopyFilesBuildPhase section */

/* Begin PBXFileReference section */
		506A88AA1CD1437400B9CAAD /* assignment-3 */ = {isa = PBXFileReference; explicitFileType = "compiled.mach-o.executable"; includeInIndex = 0; path = "assignment-3"; sourceTree = BUILT_PRODUCTS_DIR; };
		506A88B41CD1439800B9CAAD /* assignment-3.l */ = {isa = PBXFileReference; fileEncoding = 4; lastKnownFileType = sourcecode.lex; lineEnding = 0; path = "assignment-3.l"; sourceTree = "<group>"; };
		506A88BD1CD14C6000B9CAAD /* main.c */ = {isa = PBXFileReference; fileEncoding = 4; lastKnownFileType = sourcecode.c.c; path = main.c; sourceTree = "<group>"; };
		506A88C31CD1503300B9CAAD /* BracketyWord */ = {isa = PBXFileReference; explicitFileType = "compiled.mach-o.executable"; includeInIndex = 0; path = BracketyWord; sourceTree = BUILT_PRODUCTS_DIR; };
		506A88C51CD1503300B9CAAD /* main.cpp */ = {isa = PBXFileReference; lastKnownFileType = sourcecode.cpp.cpp; path = main.cpp; sourceTree = "<group>"; };
		506A88CA1CD1667200B9CAAD /* test_file.txt */ = {isa = PBXFileReference; fileEncoding = 4; lastKnownFileType = text; path = test_file.txt; sourceTree = "<group>"; };
/* End PBXFileReference section */

/* Begin PBXFrameworksBuildPhase section */
		506A88A71CD1437400B9CAAD /* Frameworks */ = {
			isa = PBXFrameworksBuildPhase;
			buildActionMask = 2147483647;
			files = (
			);
			runOnlyForDeploymentPostprocessing = 0;
		};
		506A88C01CD1503300B9CAAD /* Frameworks */ = {
			isa = PBXFrameworksBuildPhase;
			buildActionMask = 2147483647;
			files = (
			);
			runOnlyForDeploymentPostprocessing = 0;
		};
/* End PBXFrameworksBuildPhase section */

/* Begin PBXGroup section */
		506A88A11CD1437400B9CAAD = {
			isa = PBXGroup;
			children = (
				506A88AC1CD1437400B9CAAD /* assignment-3 */,
				506A88C41CD1503300B9CAAD /* BracketyWord */,
				506A88AB1CD1437400B9CAAD /* Products */,
			);
			sourceTree = "<group>";
		};
		506A88AB1CD1437400B9CAAD /* Products */ = {
			isa = PBXGroup;
			children = (
				506A88AA1CD1437400B9CAAD /* assignment-3 */,
				506A88C31CD1503300B9CAAD /* BracketyWord */,
			);
			name = Products;
			sourceTree = "<group>";
		};
		506A88AC1CD1437400B9CAAD /* assignment-3 */ = {
			isa = PBXGroup;
			children = (
				506A88BD1CD14C6000B9CAAD /* main.c */,
				506A88B41CD1439800B9CAAD /* assignment-3.l */,
				506A88CA1CD1667200B9CAAD /* test_file.txt */,
			);
			path = "assignment-3";
			sourceTree = "<group>";
		};
		506A88C41CD1503300B9CAAD /* BracketyWord */ = {
			isa = PBXGroup;
			children = (
				506A88C51CD1503300B9CAAD /* main.cpp */,
			);
			path = BracketyWord;
			sourceTree = "<group>";
		};
/* End PBXGroup section */

/* Begin PBXNativeTarget section */
		506A88A91CD1437400B9CAAD /* assignment-3 */ = {
			isa = PBXNativeTarget;
			buildConfigurationList = 506A88B11CD1437400B9CAAD /* Build configuration list for PBXNativeTarget "assignment-3" */;
			buildPhases = (
				506A88B81CD1456B00B9CAAD /* ShellScript */,
				506A88A61CD1437400B9CAAD /* Sources */,
				506A88A71CD1437400B9CAAD /* Frameworks */,
				506A88A81CD1437400B9CAAD /* CopyFiles */,
			);
			buildRules = (
			);
			dependencies = (
			);
			name = "assignment-3";
			productName = "assignment-3";
			productReference = 506A88AA1CD1437400B9CAAD /* assignment-3 */;
			productType = "com.apple.product-type.tool";
		};
		506A88C21CD1503300B9CAAD /* BracketyWord */ = {
			isa = PBXNativeTarget;
			buildConfigurationList = 506A88C91CD1503300B9CAAD /* Build configuration list for PBXNativeTarget "BracketyWord" */;
			buildPhases = (
				506A88BF1CD1503300B9CAAD /* Sources */,
				506A88C01CD1503300B9CAAD /* Frameworks */,
				506A88C11CD1503300B9CAAD /* CopyFiles */,
			);
			buildRules = (
			);
			dependencies = (
			);
			name = BracketyWord;
			productName = BracketyWord;
			productReference = 506A88C31CD1503300B9CAAD /* BracketyWord */;
			productType = "com.apple.product-type.tool";
		};
/* End PBXNativeTarget section */

/* Begin PBXProject section */
		506A88A21CD1437400B9CAAD /* Project object */ = {
			isa = PBXProject;
			attributes = {
				LastUpgradeCheck = 0720;
				ORGANIZATIONNAME = "Martin Kiesel";
				TargetAttributes = {
					506A88A91CD1437400B9CAAD = {
						CreatedOnToolsVersion = 7.2.1;
					};
					506A88C21CD1503300B9CAAD = {
						CreatedOnToolsVersion = 7.2.1;
					};
				};
			};
			buildConfigurationList = 506A88A51CD1437400B9CAAD /* Build configuration list for PBXProject "assignment-3" */;
			compatibilityVersion = "Xcode 3.2";
			developmentRegion = English;
			hasScannedForEncodings = 0;
			knownRegions = (
				en,
			);
			mainGroup = 506A88A11CD1437400B9CAAD;
			productRefGroup = 506A88AB1CD1437400B9CAAD /* Products */;
			projectDirPath = "";
			projectRoot = "";
			targets = (
				506A88A91CD1437400B9CAAD /* assignment-3 */,
				506A88C21CD1503300B9CAAD /* BracketyWord */,
			);
		};
/* End PBXProject section */

/* Begin PBXShellScriptBuildPhase section */
		506A88B81CD1456B00B9CAAD /* ShellScript */ = {
			isa = PBXShellScriptBuildPhase;
			buildActionMask = 2147483647;
			files = (
			);
			inputPaths = (
			);
			outputPaths = (
			);
			runOnlyForDeploymentPostprocessing = 0;
			shellPath = /usr/local/bin/zsh;
			shellScript = "cd ~/Documents/School/2015-2016/SS/AFJ/assignment-3/assignment-3/\nflex -o main.c assignment-3.l";
			showEnvVarsInLog = 0;
		};
/* End PBXShellScriptBuildPhase section */

/* Begin PBXSourcesBuildPhase section */
		506A88A61CD1437400B9CAAD /* Sources */ = {
			isa = PBXSourcesBuildPhase;
			buildActionMask = 2147483647;
			files = (
				506A88BE1CD14C6000B9CAAD /* main.c in Sources */,
			);
			runOnlyForDeploymentPostprocessing = 0;
		};
		506A88BF1CD1503300B9CAAD /* Sources */ = {
			isa = PBXSourcesBuildPhase;
			buildActionMask = 2147483647;
			files = (
				506A88C61CD1503300B9CAAD /* main.cpp in Sources */,
			);
			runOnlyForDeploymentPostprocessing = 0;
		};
/* End PBXSourcesBuildPhase section */

/* Begin XCBuildConfiguration section */
		506A88AF1CD1437400B9CAAD /* Debug */ = {
			isa = XCBuildConfiguration;
			buildSettings = {
				ALWAYS_SEARCH_USER_PATHS = NO;
				CLANG_CXX_LANGUAGE_STANDARD = "gnu++0x";
				CLANG_CXX_LIBRARY = "libc++";
				CLANG_ENABLE_MODULES = YES;
				CLANG_ENABLE_OBJC_ARC = YES;
				CLANG_WARN_BOOL_CONVERSION = YES;
				CLANG_WARN_CONSTANT_CONVERSION = YES;
				CLANG_WARN_DIRECT_OBJC_ISA_USAGE = YES_ERROR;
				CLANG_WARN_EMPTY_BODY = YES;
				CLANG_WARN_ENUM_CONVERSION = YES;
				CLANG_WARN_INT_CONVERSION = YES;
				CLANG_WARN_OBJC_ROOT_CLASS = YES_ERROR;
				CLANG_WARN_UNREACHABLE_CODE = YES;
				CLANG_WARN__DUPLICATE_METHOD_MATCH = YES;
				CODE_SIGN_IDENTITY = "-";
				COPY_PHASE_STRIP = NO;
				DEBUG_INFORMATION_FORMAT = dwarf;
				ENABLE_STRICT_OBJC_MSGSEND = YES;
				ENABLE_TESTABILITY = YES;
				GCC_C_LANGUAGE_STANDARD = gnu99;
				GCC_DYNAMIC_NO_PIC = NO;
				GCC_NO_COMMON_BLOCKS = YES;
				GCC_OPTIMIZATION_LEVEL = 0;
				GCC_PREPROCESSOR_DEFINITIONS = (
					"DEBUG=1",
					"$(inherited)",
				);
				GCC_WARN_64_TO_32_BIT_CONVERSION = YES;
				GCC_WARN_ABOUT_RETURN_TYPE = YES_ERROR;
				GCC_WARN_UNDECLARED_SELECTOR = YES;
				GCC_WARN_UNINITIALIZED_AUTOS = YES_AGGRESSIVE;
				GCC_WARN_UNUSED_FUNCTION = YES;
				GCC_WARN_UNUSED_VARIABLE = YES;
				MACOSX_DEPLOYMENT_TARGET = 10.10;
				MTL_ENABLE_DEBUG_INFO = YES;
				ONLY_ACTIVE_ARCH = YES;
				SDKROOT = macosx;
			};
			name = Debug;
		};
		506A88B01CD1437400B9CAAD /* Release */ = {
			isa = XCBuildConfiguration;
			buildSettings = {
				ALWAYS_SEARCH_USER_PATHS = NO;
				CLANG_CXX_LANGUAGE_STANDARD = "gnu++0x";
				CLANG_CXX_LIBRARY = "libc++";
				CLANG_ENABLE_MODULES = YES;
				CLANG_ENABLE_OBJC_ARC = YES;
				CLANG_WARN_BOOL_CONVERSION = YES;
				CLANG_WARN_CONSTANT_CONVERSION = YES;
				CLANG_WARN_DIRECT_OBJC_ISA_USAGE = YES_ERROR;
				CLANG_WARN_EMPTY_BODY = YES;
				CLANG_WARN_ENUM_CONVERSION = YES;
				CLANG_WARN_INT_CONVERSION = YES;
				CLANG_WARN_OBJC_ROOT_CLASS = YES_ERROR;
				CLANG_WARN_UNREACHABLE_CODE = YES;
				CLANG_WARN__DUPLICATE_METHOD_MATCH = YES;
				CODE_SIGN_IDENTITY = "-";
				COPY_PHASE_STRIP = NO;
				DEBUG_INFORMATION_FORMAT = "dwarf-with-dsym";
				ENABLE_NS_ASSERTIONS = NO;
				ENABLE_STRICT_OBJC_MSGSEND = YES;
				GCC_C_LANGUAGE_STANDARD = gnu99;
				GCC_NO_COMMON_BLOCKS = YES;
				GCC_WARN_64_TO_32_BIT_CONVERSION = YES;
				GCC_WARN_ABOUT_RETURN_TYPE = YES_ERROR;
				GCC_WARN_UNDECLARED_SELECTOR = YES;
				GCC_WARN_UNINITIALIZED_AUTOS = YES_AGGRESSIVE;
				GCC_WARN_UNUSED_FUNCTION = YES;
				GCC_WARN_UNUSED_VARIABLE = YES;
				MACOSX_DEPLOYMENT_TARGET = 10.10;
				MTL_ENABLE_DEBUG_INFO = NO;
				SDKROOT = macosx;
			};
			name = Release;
		};
		506A88B21CD1437400B9CAAD /* Debug */ = {
			isa = XCBuildConfiguration;
			buildSettings = {
				CURRENT_PROJECT_VERSION = 2;
				PRODUCT_NAME = "$(TARGET_NAME)";
				VERSIONING_SYSTEM = "apple-generic";
			};
			name = Debug;
		};
		506A88B31CD1437400B9CAAD /* Release */ = {
			isa = XCBuildConfiguration;
			buildSettings = {
				CURRENT_PROJECT_VERSION = 2;
				PRODUCT_NAME = "$(TARGET_NAME)";
				VERSIONING_SYSTEM = "apple-generic";
			};
			name = Release;
		};
		506A88C71CD1503300B9CAAD /* Debug */ = {
			isa = XCBuildConfiguration;
			buildSettings = {
				PRODUCT_NAME = "$(TARGET_NAME)";
			};
			name = Debug;
		};
		506A88C81CD1503300B9CAAD /* Release */ = {
			isa = XCBuildConfiguration;
			buildSettings = {
				PRODUCT_NAME = "$(TARGET_NAME)";
			};
			name = Release;
		};
/* End XCBuildConfiguration section */

/* Begin XCConfigurationList section */
		506A88A51CD1437400B9CAAD /* Build configuration list for PBXProject "assignment-3" */ = {
			isa = XCConfigurationList;
			buildConfigurations = (
				506A88AF1CD1437400B9CAAD /* Debug */,
				506A88B01CD1437400B9CAAD /* Release */,
			);
			defaultConfigurationIsVisible = 0;
			defaultConfigurationName = Release;
		};
		506A88B11CD1437400B9CAAD /* Build configuration list for PBXNativeTarget "assignment-3" */ = {
			isa = XCConfigurationList;
			buildConfigurations = (
				506A88B21CD1437400B9CAAD /* Debug */,
				506A88B31CD1437400B9CAAD /* Release */,
			);
			defaultConfigurationIsVisible = 0;
			defaultConfigurationName = Release;
		};
		506A88C91CD1503300B9CAAD /* Build configuration list for PBXNativeTarget "BracketyWord" */ = {
			isa = XCConfigurationList;
			buildConfigurations = (
				506A88C71CD1503300B9CAAD /* Debug */,
				506A88C81CD1503300B9CAAD /* Release */,
			);
			defaultConfigurationIsVisible = 0;
			defaultConfigurationName = Release;
		};
/* End XCConfigurationList section */
	};
	rootObject = 506A88A21CD1437400B9CAAD /* Project object */;
}
